{
  "pins" : [
    {
      "identity" : "dategrid",
      "kind" : "remoteSourceControl",
      "location" : "https://github.com/yodagamaheshan/DateGrid.git",
      "state" : {
        "revision" : "68378c8276f2d57569fa492188e1d098ea56869b",
        "version" : "0.0.3"
      }
    }
  ],
  "version" : 2
}
